
Microsoft Visual Studio Solution File, Format Version 12.00
# Visual Studio Version 17
VisualStudioVersion = 17.11.35327.3
MinimumVisualStudioVersion = 10.0.40219.1
Project("{FAE04EC0-301F-11D3-BF4B-00C04F79EFBC}") = "PetConnect", "PetConnect\PetConnect.csproj", "{FE948F33-B05E-461C-A816-A2931934BA69}"
EndProject
Global
	GlobalSection(SolutionConfigurationPlatforms) = preSolution
		Debug|Any CPU = Debug|Any CPU
		Release|Any CPU = Release|Any CPU
	EndGlobalSection
	GlobalSection(ProjectConfigurationPlatforms) = postSolution
		{FE948F33-B05E-461C-A816-A2931934BA69}.Debug|Any CPU.ActiveCfg = Debug|Any CPU
		{FE948F33-B05E-461C-A816-A2931934BA69}.Debug|Any CPU.Build.0 = Debug|Any CPU
		{FE948F33-B05E-461C-A816-A2931934BA69}.Release|Any CPU.ActiveCfg = Release|Any CPU
		{FE948F33-B05E-461C-A816-A2931934BA69}.Release|Any CPU.Build.0 = Release|Any CPU
	EndGlobalSection
	GlobalSection(SolutionProperties) = preSolution
		HideSolutionNode = FALSE
	EndGlobalSection
	GlobalSection(ExtensibilityGlobals) = postSolution
		SolutionGuid = {D5AFCE66-A590-4081-8882-4652F29CEFCA}
	EndGlobalSection
EndGlobal
